
Microsoft Visual Studio Solution File, Format Version 12.00
# Visual Studio Version 17
VisualStudioVersion = 17.0.32014.148
MinimumVisualStudioVersion = 10.0.40219.1
Project("{FAE04EC0-301F-11D3-BF4B-00C04F79EFBC}") = "WebApplication3", "WebApplication3.csproj", "{103A0182-D154-4269-B3AA-F1BA477A82C7}"
EndProject
Global
	GlobalSection(SolutionConfigurationPlatforms) = preSolution
		Debug|Any CPU = Debug|Any CPU
		Release|Any CPU = Release|Any CPU
	EndGlobalSection
	GlobalSection(ProjectConfigurationPlatforms) = postSolution
		{103A0182-D154-4269-B3AA-F1BA477A82C7}.Debug|Any CPU.ActiveCfg = Debug|Any CPU
		{103A0182-D154-4269-B3AA-F1BA477A82C7}.Debug|Any CPU.Build.0 = Debug|Any CPU
		{103A0182-D154-4269-B3AA-F1BA477A82C7}.Release|Any CPU.ActiveCfg = Release|Any CPU
		{103A0182-D154-4269-B3AA-F1BA477A82C7}.Release|Any CPU.Build.0 = Release|Any CPU
	EndGlobalSection
	GlobalSection(SolutionProperties) = preSolution
		HideSolutionNode = FALSE
	EndGlobalSection
	GlobalSection(ExtensibilityGlobals) = postSolution
		SolutionGuid = {D1AAA1EB-2320-46C5-BDC2-527A7391BC15}
	EndGlobalSection
EndGlobal
